
Microsoft Visual Studio Solution File, Format Version 12.00
# Visual Studio Version 17
VisualStudioVersion = 17.13.35825.156 d17.13
MinimumVisualStudioVersion = 10.0.40219.1
Project("{FAE04EC0-301F-11D3-BF4B-00C04F79EFBC}") = "ConsoleApp1", "ConsoleApp1\ConsoleApp1.csproj", "{D079946E-7839-4EF9-9519-C4468774DD59}"
EndProject
Global
	GlobalSection(SolutionConfigurationPlatforms) = preSolution
		Debug|Any CPU = Debug|Any CPU
		Release|Any CPU = Release|Any CPU
	EndGlobalSection
	GlobalSection(ProjectConfigurationPlatforms) = postSolution
		{D079946E-7839-4EF9-9519-C4468774DD59}.Debug|Any CPU.ActiveCfg = Debug|Any CPU
		{D079946E-7839-4EF9-9519-C4468774DD59}.Debug|Any CPU.Build.0 = Debug|Any CPU
		{D079946E-7839-4EF9-9519-C4468774DD59}.Release|Any CPU.ActiveCfg = Release|Any CPU
		{D079946E-7839-4EF9-9519-C4468774DD59}.Release|Any CPU.Build.0 = Release|Any CPU
	EndGlobalSection
	GlobalSection(SolutionProperties) = preSolution
		HideSolutionNode = FALSE
	EndGlobalSection
	GlobalSection(ExtensibilityGlobals) = postSolution
		SolutionGuid = {190B6332-D4A5-49AD-8C84-D0D236683719}
	EndGlobalSection
EndGlobal
